
Microsoft Visual Studio Solution File, Format Version 12.00
# Visual Studio Version 17
VisualStudioVersion = 17.14.36603.0 d17.14
MinimumVisualStudioVersion = 10.0.40219.1
Project("{2150E333-8FDC-42A3-9474-1A3956D46DE8}") = "Task0", "Task0", "{36D591C7-65C7-A0D1-1CBC-10CDE441BDC8}"
EndProject
Project("{FAE04EC0-301F-11D3-BF4B-00C04F79EFBC}") = "Tyuiu.Krylovvs.Sprint1.Task0.V5", "Tyuiu.Krylovvs.Sprint1.Task0.V5\Tyuiu.Krylovvs.Sprint1.Task0.V5.csproj", "{9BD70ACD-3197-4748-8040-16462E68E577}"
EndProject
Project("{FAE04EC0-301F-11D3-BF4B-00C04F79EFBC}") = "Tyuiu.Krylovvs.Sprint1.Task0.V5.Lib", "Tyuiu.Krylovvs.Sprint1.Task0.V5.Lib\Tyuiu.Krylovvs.Sprint1.Task0.V5.Lib.csproj", "{16C2C10D-D5B0-45C2-8F02-3D5F89C855CE}"
EndProject
Project("{FAE04EC0-301F-11D3-BF4B-00C04F79EFBC}") = "Tyuiu.Krylovvs.Sprint1.Task0.V5.Test", "Tyuiu.Krylovvs.Sprint1.Task0.V5.Test\Tyuiu.Krylovvs.Sprint1.Task0.V5.Test.csproj", "{0550EBDB-5988-4BCC-A91A-C2AE0D4FC519}"
EndProject
Project("{2150E333-8FDC-42A3-9474-1A3956D46DE8}") = "Task1", "Task1", "{AEE11826-46D2-481B-8645-12287985856A}"
EndProject
Project("{FAE04EC0-301F-11D3-BF4B-00C04F79EFBC}") = "Tyuiu.Krylovvs.Sprint1.Task1.V1", "Tyuiu.Krylovvs.Sprint1.Task1.V1\Tyuiu.Krylovvs.Sprint1.Task1.V1.csproj", "{E1D4514E-431B-44A8-865D-99FBFD1D1F17}"
EndProject
Project("{FAE04EC0-301F-11D3-BF4B-00C04F79EFBC}") = "Tyuiu.Krylovvs.Sprint1.Task1.V1.Lib", "Tyuiu.Krylovvs.Sprint1.Task1.V1.Lib\Tyuiu.Krylovvs.Sprint1.Task1.V1.Lib.csproj", "{84E10566-957D-43F0-A8DC-41D262E0DDBA}"
EndProject
Project("{FAE04EC0-301F-11D3-BF4B-00C04F79EFBC}") = "Tyuiu.Krylovvs.Sprint1.Task1.V1.Test", "Tyuiu.Krylovvs.Sprint1.Task1.V1.Test\Tyuiu.Krylovvs.Sprint1.Task1.V1.Test.csproj", "{C2C16CAA-4B7E-478A-BFC2-960F662C695A}"
EndProject
Project("{2150E333-8FDC-42A3-9474-1A3956D46DE8}") = "Task2", "Task2", "{4B7079B1-C3AF-4B44-B479-9B98D7B2AD32}"
EndProject
Project("{FAE04EC0-301F-11D3-BF4B-00C04F79EFBC}") = "Tyuiu.Krylovvs.Sprint1.Task2.V18", "Tyuiu.Krylovvs.Sprint1.Task2.V18\Tyuiu.Krylovvs.Sprint1.Task2.V18.csproj", "{EB200CC2-AEB4-4243-8FA5-959ECA648AD8}"
EndProject
Project("{FAE04EC0-301F-11D3-BF4B-00C04F79EFBC}") = "Tyuiu.Krylovvs.Sprint1.Task2.V18.Lib", "Tyuiu.Krylovvs.Sprint1.Task2.V18.Lib\Tyuiu.Krylovvs.Sprint1.Task2.V18.Lib.csproj", "{7FC0BE0B-FC69-4222-9A04-EAD1F572CECE}"
EndProject
Project("{FAE04EC0-301F-11D3-BF4B-00C04F79EFBC}") = "Tyuiu.Krylovvs.Sprint1.Task2.V18.Test", "Tyuiu.Krylovvs.Sprint1.Task2.V18.Test\Tyuiu.Krylovvs.Sprint1.Task2.V18.Test.csproj", "{0ED2F27E-5948-4519-AC06-5E920E578D11}"
EndProject
Project("{2150E333-8FDC-42A3-9474-1A3956D46DE8}") = "Task3", "Task3", "{720A5543-6B38-4BBA-9281-69D6629181BE}"
EndProject
Project("{FAE04EC0-301F-11D3-BF4B-00C04F79EFBC}") = "Tyuiu.Krylovvs.Sprint1.Task3.V17", "Tyuiu.Krylovvs.Sprint1.Task3.V17\Tyuiu.Krylovvs.Sprint1.Task3.V17.csproj", "{8847C23A-B91B-477F-8613-8C614CFEB366}"
EndProject
Project("{FAE04EC0-301F-11D3-BF4B-00C04F79EFBC}") = "Tyuiu.Krylovvs.Sprint1.Task3.V17.Lib", "Tyuiu.Krylovvs.Sprint1.Task3.V17.Lib\Tyuiu.Krylovvs.Sprint1.Task3.V17.Lib.csproj", "{E743B398-8DDC-47DE-9D7A-F531CFB8321D}"
EndProject
Project("{FAE04EC0-301F-11D3-BF4B-00C04F79EFBC}") = "Tyuiu.Krylovvs.Sprint1.Task3.V17.Test", "Tyuiu.Krylovvs.Sprint1.Task3.V17.Test\Tyuiu.Krylovvs.Sprint1.Task3.V17.Test.csproj", "{F62347FA-9347-42E8-8C94-5BCB567DBEF1}"
EndProject
Project("{2150E333-8FDC-42A3-9474-1A3956D46DE8}") = "Task4", "Task4", "{BA978DE6-504F-4169-851A-7DCD7CC85AAA}"
EndProject
Project("{FAE04EC0-301F-11D3-BF4B-00C04F79EFBC}") = "Tyuiu.Krylovvs.Sprint1.Task4.V19", "Tyuiu.Krylovvs.Sprint1.Task4.V19\Tyuiu.Krylovvs.Sprint1.Task4.V19.csproj", "{5D937C53-DC9B-4E22-BC41-A3872E1C0322}"
EndProject
Project("{FAE04EC0-301F-11D3-BF4B-00C04F79EFBC}") = "Tyuiu.Krylovvs.Sprint1.Task4.V19.Lib", "Tyuiu.Krylovvs.Sprint1.Task4.V19.Lib\Tyuiu.Krylovvs.Sprint1.Task4.V19.Lib.csproj", "{87A6D02D-CE45-4C6E-8A3E-AAF6402254AA}"
EndProject
Project("{FAE04EC0-301F-11D3-BF4B-00C04F79EFBC}") = "Tyuiu.Krylovvs.Sprint1.Task4.V19.Test", "Tyuiu.Krylovvs.Sprint1.Task4.V19.Test\Tyuiu.Krylovvs.Sprint1.Task4.V19.Test.csproj", "{A968DEE1-7500-49E4-89C9-C949DB95554F}"
EndProject
Global
	GlobalSection(SolutionConfigurationPlatforms) = preSolution
		Debug|Any CPU = Debug|Any CPU
		Release|Any CPU = Release|Any CPU
	EndGlobalSection
	GlobalSection(ProjectConfigurationPlatforms) = postSolution
		{9BD70ACD-3197-4748-8040-16462E68E577}.Debug|Any CPU.ActiveCfg = Debug|Any CPU
		{9BD70ACD-3197-4748-8040-16462E68E577}.Debug|Any CPU.Build.0 = Debug|Any CPU
		{9BD70ACD-3197-4748-8040-16462E68E577}.Release|Any CPU.ActiveCfg = Release|Any CPU
		{9BD70ACD-3197-4748-8040-16462E68E577}.Release|Any CPU.Build.0 = Release|Any CPU
		{16C2C10D-D5B0-45C2-8F02-3D5F89C855CE}.Debug|Any CPU.ActiveCfg = Debug|Any CPU
		{16C2C10D-D5B0-45C2-8F02-3D5F89C855CE}.Debug|Any CPU.Build.0 = Debug|Any CPU
		{16C2C10D-D5B0-45C2-8F02-3D5F89C855CE}.Release|Any CPU.ActiveCfg = Release|Any CPU
		{16C2C10D-D5B0-45C2-8F02-3D5F89C855CE}.Release|Any CPU.Build.0 = Release|Any CPU
		{0550EBDB-5988-4BCC-A91A-C2AE0D4FC519}.Debug|Any CPU.ActiveCfg = Debug|Any CPU
		{0550EBDB-5988-4BCC-A91A-C2AE0D4FC519}.Debug|Any CPU.Build.0 = Debug|Any CPU
		{0550EBDB-5988-4BCC-A91A-C2AE0D4FC519}.Release|Any CPU.ActiveCfg = Release|Any CPU
		{0550EBDB-5988-4BCC-A91A-C2AE0D4FC519}.Release|Any CPU.Build.0 = Release|Any CPU
		{E1D4514E-431B-44A8-865D-99FBFD1D1F17}.Debug|Any CPU.ActiveCfg = Debug|Any CPU
		{E1D4514E-431B-44A8-865D-99FBFD1D1F17}.Debug|Any CPU.Build.0 = Debug|Any CPU
		{E1D4514E-431B-44A8-865D-99FBFD1D1F17}.Release|Any CPU.ActiveCfg = Release|Any CPU
		{E1D4514E-431B-44A8-865D-99FBFD1D1F17}.Release|Any CPU.Build.0 = Release|Any CPU
		{84E10566-957D-43F0-A8DC-41D262E0DDBA}.Debug|Any CPU.ActiveCfg = Debug|Any CPU
		{84E10566-957D-43F0-A8DC-41D262E0DDBA}.Debug|Any CPU.Build.0 = Debug|Any CPU
		{84E10566-957D-43F0-A8DC-41D262E0DDBA}.Release|Any CPU.ActiveCfg = Release|Any CPU
		{84E10566-957D-43F0-A8DC-41D262E0DDBA}.Release|Any CPU.Build.0 = Release|Any CPU
		{C2C16CAA-4B7E-478A-BFC2-960F662C695A}.Debug|Any CPU.ActiveCfg = Debug|Any CPU
		{C2C16CAA-4B7E-478A-BFC2-960F662C695A}.Debug|Any CPU.Build.0 = Debug|Any CPU
		{C2C16CAA-4B7E-478A-BFC2-960F662C695A}.Release|Any CPU.ActiveCfg = Release|Any CPU
		{C2C16CAA-4B7E-478A-BFC2-960F662C695A}.Release|Any CPU.Build.0 = Release|Any CPU
		{EB200CC2-AEB4-4243-8FA5-959ECA648AD8}.Debug|Any CPU.ActiveCfg = Debug|Any CPU
		{EB200CC2-AEB4-4243-8FA5-959ECA648AD8}.Debug|Any CPU.Build.0 = Debug|Any CPU
		{EB200CC2-AEB4-4243-8FA5-959ECA648AD8}.Release|Any CPU.ActiveCfg = Release|Any CPU
		{EB200CC2-AEB4-4243-8FA5-959ECA648AD8}.Release|Any CPU.Build.0 = Release|Any CPU
		{7FC0BE0B-FC69-4222-9A04-EAD1F572CECE}.Debug|Any CPU.ActiveCfg = Debug|Any CPU
		{7FC0BE0B-FC69-4222-9A04-EAD1F572CECE}.Debug|Any CPU.Build.0 = Debug|Any CPU
		{7FC0BE0B-FC69-4222-9A04-EAD1F572CECE}.Release|Any CPU.ActiveCfg = Release|Any CPU
		{7FC0BE0B-FC69-4222-9A04-EAD1F572CECE}.Release|Any CPU.Build.0 = Release|Any CPU
		{0ED2F27E-5948-4519-AC06-5E920E578D11}.Debug|Any CPU.ActiveCfg = Debug|Any CPU
		{0ED2F27E-5948-4519-AC06-5E920E578D11}.Debug|Any CPU.Build.0 = Debug|Any CPU
		{0ED2F27E-5948-4519-AC06-5E920E578D11}.Release|Any CPU.ActiveCfg = Release|Any CPU
		{0ED2F27E-5948-4519-AC06-5E920E578D11}.Release|Any CPU.Build.0 = Release|Any CPU
		{8847C23A-B91B-477F-8613-8C614CFEB366}.Debug|Any CPU.ActiveCfg = Debug|Any CPU
		{8847C23A-B91B-477F-8613-8C614CFEB366}.Debug|Any CPU.Build.0 = Debug|Any CPU
		{8847C23A-B91B-477F-8613-8C614CFEB366}.Release|Any CPU.ActiveCfg = Release|Any CPU
		{8847C23A-B91B-477F-8613-8C614CFEB366}.Release|Any CPU.Build.0 = Release|Any CPU
		{E743B398-8DDC-47DE-9D7A-F531CFB8321D}.Debug|Any CPU.ActiveCfg = Debug|Any CPU
		{E743B398-8DDC-47DE-9D7A-F531CFB8321D}.Debug|Any CPU.Build.0 = Debug|Any CPU
		{E743B398-8DDC-47DE-9D7A-F531CFB8321D}.Release|Any CPU.ActiveCfg = Release|Any CPU
		{E743B398-8DDC-47DE-9D7A-F531CFB8321D}.Release|Any CPU.Build.0 = Release|Any CPU
		{F62347FA-9347-42E8-8C94-5BCB567DBEF1}.Debug|Any CPU.ActiveCfg = Debug|Any CPU
		{F62347FA-9347-42E8-8C94-5BCB567DBEF1}.Debug|Any CPU.Build.0 = Debug|Any CPU
		{F62347FA-9347-42E8-8C94-5BCB567DBEF1}.Release|Any CPU.ActiveCfg = Release|Any CPU
		{F62347FA-9347-42E8-8C94-5BCB567DBEF1}.Release|Any CPU.Build.0 = Release|Any CPU
		{5D937C53-DC9B-4E22-BC41-A3872E1C0322}.Debug|Any CPU.ActiveCfg = Debug|Any CPU
		{5D937C53-DC9B-4E22-BC41-A3872E1C0322}.Debug|Any CPU.Build.0 = Debug|Any CPU
		{5D937C53-DC9B-4E22-BC41-A3872E1C0322}.Release|Any CPU.ActiveCfg = Release|Any CPU
		{5D937C53-DC9B-4E22-BC41-A3872E1C0322}.Release|Any CPU.Build.0 = Release|Any CPU
		{87A6D02D-CE45-4C6E-8A3E-AAF6402254AA}.Debug|Any CPU.ActiveCfg = Debug|Any CPU
		{87A6D02D-CE45-4C6E-8A3E-AAF6402254AA}.Debug|Any CPU.Build.0 = Debug|Any CPU
		{87A6D02D-CE45-4C6E-8A3E-AAF6402254AA}.Release|Any CPU.ActiveCfg = Release|Any CPU
		{87A6D02D-CE45-4C6E-8A3E-AAF6402254AA}.Release|Any CPU.Build.0 = Release|Any CPU
		{A968DEE1-7500-49E4-89C9-C949DB95554F}.Debug|Any CPU.ActiveCfg = Debug|Any CPU
		{A968DEE1-7500-49E4-89C9-C949DB95554F}.Debug|Any CPU.Build.0 = Debug|Any CPU
		{A968DEE1-7500-49E4-89C9-C949DB95554F}.Release|Any CPU.ActiveCfg = Release|Any CPU
		{A968DEE1-7500-49E4-89C9-C949DB95554F}.Release|Any CPU.Build.0 = Release|Any CPU
	EndGlobalSection
	GlobalSection(SolutionProperties) = preSolution
		HideSolutionNode = FALSE
	EndGlobalSection
	GlobalSection(NestedProjects) = preSolution
		{9BD70ACD-3197-4748-8040-16462E68E577} = {36D591C7-65C7-A0D1-1CBC-10CDE441BDC8}
		{16C2C10D-D5B0-45C2-8F02-3D5F89C855CE} = {36D591C7-65C7-A0D1-1CBC-10CDE441BDC8}
		{0550EBDB-5988-4BCC-A91A-C2AE0D4FC519} = {36D591C7-65C7-A0D1-1CBC-10CDE441BDC8}
		{E1D4514E-431B-44A8-865D-99FBFD1D1F17} = {AEE11826-46D2-481B-8645-12287985856A}
		{84E10566-957D-43F0-A8DC-41D262E0DDBA} = {AEE11826-46D2-481B-8645-12287985856A}
		{C2C16CAA-4B7E-478A-BFC2-960F662C695A} = {AEE11826-46D2-481B-8645-12287985856A}
		{EB200CC2-AEB4-4243-8FA5-959ECA648AD8} = {4B7079B1-C3AF-4B44-B479-9B98D7B2AD32}
		{7FC0BE0B-FC69-4222-9A04-EAD1F572CECE} = {4B7079B1-C3AF-4B44-B479-9B98D7B2AD32}
		{0ED2F27E-5948-4519-AC06-5E920E578D11} = {4B7079B1-C3AF-4B44-B479-9B98D7B2AD32}
		{8847C23A-B91B-477F-8613-8C614CFEB366} = {720A5543-6B38-4BBA-9281-69D6629181BE}
		{E743B398-8DDC-47DE-9D7A-F531CFB8321D} = {720A5543-6B38-4BBA-9281-69D6629181BE}
		{F62347FA-9347-42E8-8C94-5BCB567DBEF1} = {720A5543-6B38-4BBA-9281-69D6629181BE}
		{5D937C53-DC9B-4E22-BC41-A3872E1C0322} = {BA978DE6-504F-4169-851A-7DCD7CC85AAA}
		{87A6D02D-CE45-4C6E-8A3E-AAF6402254AA} = {BA978DE6-504F-4169-851A-7DCD7CC85AAA}
		{A968DEE1-7500-49E4-89C9-C949DB95554F} = {BA978DE6-504F-4169-851A-7DCD7CC85AAA}
	EndGlobalSection
	GlobalSection(ExtensibilityGlobals) = postSolution
		SolutionGuid = {1D3216F3-8F9B-47D2-8BC2-93FAD62A24C9}
	EndGlobalSection
EndGlobal
