
Microsoft Visual Studio Solution File, Format Version 12.00
# Visual Studio Version 17
VisualStudioVersion = 17.14.36603.0 d17.14
MinimumVisualStudioVersion = 10.0.40219.1
Project("{2150E333-8FDC-42A3-9474-1A3956D46DE8}") = "Task0", "Task0", "{36D591C7-65C7-A0D1-1CBC-10CDE441BDC8}"
EndProject
Project("{FAE04EC0-301F-11D3-BF4B-00C04F79EFBC}") = "Tyuiu.Krylovvs.Sprint1.Task0.V5", "Tyuiu.Krylovvs.Sprint1.Task0.V5\Tyuiu.Krylovvs.Sprint1.Task0.V5.csproj", "{9BD70ACD-3197-4748-8040-16462E68E577}"
EndProject
Project("{FAE04EC0-301F-11D3-BF4B-00C04F79EFBC}") = "Tyuiu.Krylovvs.Sprint1.Task0.V5.Lib", "Tyuiu.Krylovvs.Sprint1.Task0.V5.Lib\Tyuiu.Krylovvs.Sprint1.Task0.V5.Lib.csproj", "{16C2C10D-D5B0-45C2-8F02-3D5F89C855CE}"
EndProject
Project("{FAE04EC0-301F-11D3-BF4B-00C04F79EFBC}") = "Tyuiu.Krylovvs.Sprint1.Task0.V5.Test", "Tyuiu.Krylovvs.Sprint1.Task0.V5.Test\Tyuiu.Krylovvs.Sprint1.Task0.V5.Test.csproj", "{0550EBDB-5988-4BCC-A91A-C2AE0D4FC519}"
EndProject
Global
	GlobalSection(SolutionConfigurationPlatforms) = preSolution
		Debug|Any CPU = Debug|Any CPU
		Release|Any CPU = Release|Any CPU
	EndGlobalSection
	GlobalSection(ProjectConfigurationPlatforms) = postSolution
		{9BD70ACD-3197-4748-8040-16462E68E577}.Debug|Any CPU.ActiveCfg = Debug|Any CPU
		{9BD70ACD-3197-4748-8040-16462E68E577}.Debug|Any CPU.Build.0 = Debug|Any CPU
		{9BD70ACD-3197-4748-8040-16462E68E577}.Release|Any CPU.ActiveCfg = Release|Any CPU
		{9BD70ACD-3197-4748-8040-16462E68E577}.Release|Any CPU.Build.0 = Release|Any CPU
		{16C2C10D-D5B0-45C2-8F02-3D5F89C855CE}.Debug|Any CPU.ActiveCfg = Debug|Any CPU
		{16C2C10D-D5B0-45C2-8F02-3D5F89C855CE}.Debug|Any CPU.Build.0 = Debug|Any CPU
		{16C2C10D-D5B0-45C2-8F02-3D5F89C855CE}.Release|Any CPU.ActiveCfg = Release|Any CPU
		{16C2C10D-D5B0-45C2-8F02-3D5F89C855CE}.Release|Any CPU.Build.0 = Release|Any CPU
		{0550EBDB-5988-4BCC-A91A-C2AE0D4FC519}.Debug|Any CPU.ActiveCfg = Debug|Any CPU
		{0550EBDB-5988-4BCC-A91A-C2AE0D4FC519}.Debug|Any CPU.Build.0 = Debug|Any CPU
		{0550EBDB-5988-4BCC-A91A-C2AE0D4FC519}.Release|Any CPU.ActiveCfg = Release|Any CPU
		{0550EBDB-5988-4BCC-A91A-C2AE0D4FC519}.Release|Any CPU.Build.0 = Release|Any CPU
	EndGlobalSection
	GlobalSection(SolutionProperties) = preSolution
		HideSolutionNode = FALSE
	EndGlobalSection
	GlobalSection(NestedProjects) = preSolution
		{9BD70ACD-3197-4748-8040-16462E68E577} = {36D591C7-65C7-A0D1-1CBC-10CDE441BDC8}
		{16C2C10D-D5B0-45C2-8F02-3D5F89C855CE} = {36D591C7-65C7-A0D1-1CBC-10CDE441BDC8}
		{0550EBDB-5988-4BCC-A91A-C2AE0D4FC519} = {36D591C7-65C7-A0D1-1CBC-10CDE441BDC8}
	EndGlobalSection
	GlobalSection(ExtensibilityGlobals) = postSolution
		SolutionGuid = {1D3216F3-8F9B-47D2-8BC2-93FAD62A24C9}
	EndGlobalSection
EndGlobal
